
Microsoft Visual Studio Solution File, Format Version 12.00
# Visual Studio Version 17
VisualStudioVersion = 17.4.33403.182
MinimumVisualStudioVersion = 10.0.40219.1
Project("{FAE04EC0-301F-11D3-BF4B-00C04F79EFBC}") = "lab14", "lab14\lab14.csproj", "{330B7E52-4EC3-4038-AEBF-705B5EF14F64}"
EndProject
Global
	GlobalSection(SolutionConfigurationPlatforms) = preSolution
		Debug|Any CPU = Debug|Any CPU
		Release|Any CPU = Release|Any CPU
	EndGlobalSection
	GlobalSection(ProjectConfigurationPlatforms) = postSolution
		{330B7E52-4EC3-4038-AEBF-705B5EF14F64}.Debug|Any CPU.ActiveCfg = Debug|Any CPU
		{330B7E52-4EC3-4038-AEBF-705B5EF14F64}.Debug|Any CPU.Build.0 = Debug|Any CPU
		{330B7E52-4EC3-4038-AEBF-705B5EF14F64}.Release|Any CPU.ActiveCfg = Release|Any CPU
		{330B7E52-4EC3-4038-AEBF-705B5EF14F64}.Release|Any CPU.Build.0 = Release|Any CPU
	EndGlobalSection
	GlobalSection(SolutionProperties) = preSolution
		HideSolutionNode = FALSE
	EndGlobalSection
	GlobalSection(ExtensibilityGlobals) = postSolution
		SolutionGuid = {86248BFB-A065-46FA-A348-8AB9118A549A}
	EndGlobalSection
EndGlobal
